
Microsoft Visual Studio Solution File, Format Version 12.00
# Visual Studio Version 17
VisualStudioVersion = 17.12.35707.178 d17.12
MinimumVisualStudioVersion = 10.0.40219.1
Project("{FAE04EC0-301F-11D3-BF4B-00C04F79EFBC}") = "TesteDocker_semDB", "TesteDocker_semDB\TesteDocker_semDB.csproj", "{B8B48C0E-49B6-4607-9F50-60B6B82BB4EF}"
EndProject
Global
	GlobalSection(SolutionConfigurationPlatforms) = preSolution
		Debug|Any CPU = Debug|Any CPU
		Release|Any CPU = Release|Any CPU
	EndGlobalSection
	GlobalSection(ProjectConfigurationPlatforms) = postSolution
		{B8B48C0E-49B6-4607-9F50-60B6B82BB4EF}.Debug|Any CPU.ActiveCfg = Debug|Any CPU
		{B8B48C0E-49B6-4607-9F50-60B6B82BB4EF}.Debug|Any CPU.Build.0 = Debug|Any CPU
		{B8B48C0E-49B6-4607-9F50-60B6B82BB4EF}.Release|Any CPU.ActiveCfg = Release|Any CPU
		{B8B48C0E-49B6-4607-9F50-60B6B82BB4EF}.Release|Any CPU.Build.0 = Release|Any CPU
	EndGlobalSection
	GlobalSection(SolutionProperties) = preSolution
		HideSolutionNode = FALSE
	EndGlobalSection
EndGlobal
